
Microsoft Visual Studio Solution File, Format Version 12.00
# Visual Studio Version 16
VisualStudioVersion = 16.0.30204.135
MinimumVisualStudioVersion = 10.0.40219.1
Project("{FAE04EC0-301F-11D3-BF4B-00C04F79EFBC}") = "CmsShoppingCart", "CmsShoppingCart.csproj", "{B1E0F0BC-5342-4F24-AB00-D6D27F4BA3F0}"
EndProject
Global
	GlobalSection(SolutionConfigurationPlatforms) = preSolution
		Debug|Any CPU = Debug|Any CPU
		Release|Any CPU = Release|Any CPU
	EndGlobalSection
	GlobalSection(ProjectConfigurationPlatforms) = postSolution
		{B1E0F0BC-5342-4F24-AB00-D6D27F4BA3F0}.Debug|Any CPU.ActiveCfg = Debug|Any CPU
		{B1E0F0BC-5342-4F24-AB00-D6D27F4BA3F0}.Debug|Any CPU.Build.0 = Debug|Any CPU
		{B1E0F0BC-5342-4F24-AB00-D6D27F4BA3F0}.Release|Any CPU.ActiveCfg = Release|Any CPU
		{B1E0F0BC-5342-4F24-AB00-D6D27F4BA3F0}.Release|Any CPU.Build.0 = Release|Any CPU
	EndGlobalSection
	GlobalSection(SolutionProperties) = preSolution
		HideSolutionNode = FALSE
	EndGlobalSection
	GlobalSection(ExtensibilityGlobals) = postSolution
		SolutionGuid = {106DC4A7-0BDD-400B-AB97-9CFCE75B0051}
	EndGlobalSection
EndGlobal
